
Microsoft Visual Studio Solution File, Format Version 12.00
# Visual Studio 2012
VisualStudioVersion = 12.0.30723.0
MinimumVisualStudioVersion = 10.0.40219.1
Project("{FAE04EC0-301F-11D3-BF4B-00C04F79EFBC}") = "A2B", "A2B.csproj", "{7E5EEEAA-64FD-4717-B024-EF63AC72D298}"
EndProject
Global
	GlobalSection(SolutionConfigurationPlatforms) = preSolution
		Debug|Any CPU = Debug|Any CPU
		Release|Any CPU = Release|Any CPU
	EndGlobalSection
	GlobalSection(ProjectConfigurationPlatforms) = postSolution
		{7E5EEEAA-64FD-4717-B024-EF63AC72D298}.Debug|Any CPU.ActiveCfg = Debug|Any CPU
		{7E5EEEAA-64FD-4717-B024-EF63AC72D298}.Debug|Any CPU.Build.0 = Debug|Any CPU
		{7E5EEEAA-64FD-4717-B024-EF63AC72D298}.Release|Any CPU.ActiveCfg = Release|Any CPU
		{7E5EEEAA-64FD-4717-B024-EF63AC72D298}.Release|Any CPU.Build.0 = Release|Any CPU
	EndGlobalSection
	GlobalSection(MonoDevelopProperties) = preSolution
		Policies = $0
		$0.TextStylePolicy = $1
		$1.FileWidth = 120
		$1.inheritsSet = VisualStudio
		$1.inheritsScope = text/plain
		$1.scope = text/plain
		version = 0.11.3.0
	EndGlobalSection
	GlobalSection(SolutionProperties) = preSolution
		HideSolutionNode = FALSE
	EndGlobalSection
EndGlobal
